
Microsoft Visual Studio Solution File, Format Version 12.00
# Visual Studio Version 17
VisualStudioVersion = 17.4.33213.308
MinimumVisualStudioVersion = 10.0.40219.1
Project("{FAE04EC0-301F-11D3-BF4B-00C04F79EFBC}") = "Cafe_API", "Cafe_API\Cafe_API.csproj", "{32CBFDB9-1829-4AF8-87DC-E9D9FB519374}"
EndProject
Global
	GlobalSection(SolutionConfigurationPlatforms) = preSolution
		Debug|Any CPU = Debug|Any CPU
		Release|Any CPU = Release|Any CPU
	EndGlobalSection
	GlobalSection(ProjectConfigurationPlatforms) = postSolution
		{32CBFDB9-1829-4AF8-87DC-E9D9FB519374}.Debug|Any CPU.ActiveCfg = Debug|Any CPU
		{32CBFDB9-1829-4AF8-87DC-E9D9FB519374}.Debug|Any CPU.Build.0 = Debug|Any CPU
		{32CBFDB9-1829-4AF8-87DC-E9D9FB519374}.Release|Any CPU.ActiveCfg = Release|Any CPU
		{32CBFDB9-1829-4AF8-87DC-E9D9FB519374}.Release|Any CPU.Build.0 = Release|Any CPU
	EndGlobalSection
	GlobalSection(SolutionProperties) = preSolution
		HideSolutionNode = FALSE
	EndGlobalSection
	GlobalSection(ExtensibilityGlobals) = postSolution
		SolutionGuid = {1A9AA099-CFC5-49C8-B65B-CB0680207233}
	EndGlobalSection
EndGlobal
